
Microsoft Visual Studio Solution File, Format Version 12.00
# Visual Studio Version 16
VisualStudioVersion = 16.0.32002.261
MinimumVisualStudioVersion = 10.0.40219.1
Project("{FAE04EC0-301F-11D3-BF4B-00C04F79EFBC}") = "TravelPlannerWebApp", "TravelPlannerWebApp.csproj", "{9E5EF21F-16B9-4623-BF0D-33D065D7DA85}"
EndProject
Project("{FAE04EC0-301F-11D3-BF4B-00C04F79EFBC}") = "TravelPlannerSharedLibrary", "..\TravelPlannerSharedLibrary\TravelPlannerSharedLibrary.csproj", "{F877D415-B006-4D7D-9763-8138D078C7A0}"
EndProject
Project("{FAE04EC0-301F-11D3-BF4B-00C04F79EFBC}") = "TravelPlannerDesktopApp", "..\TravelPlannerDesktopApp\TravelPlannerDesktopApp.csproj", "{B5A3FA08-3207-401C-B943-E29409115E4E}"
EndProject
Project("{00D1A9C2-B5F0-4AF3-8072-F6C62B433612}") = "TravelPlannerDatabase", "..\TravelPlannerDatabase\TravelPlannerDatabase.sqlproj", "{8A4AE3B8-D9A2-4B6A-8CF2-BD33595B301C}"
EndProject
Global
	GlobalSection(SolutionConfigurationPlatforms) = preSolution
		Debug|Any CPU = Debug|Any CPU
		Debug|ARM = Debug|ARM
		Debug|ARM64 = Debug|ARM64
		Debug|x64 = Debug|x64
		Debug|x86 = Debug|x86
		Release|Any CPU = Release|Any CPU
		Release|ARM = Release|ARM
		Release|ARM64 = Release|ARM64
		Release|x64 = Release|x64
		Release|x86 = Release|x86
	EndGlobalSection
	GlobalSection(ProjectConfigurationPlatforms) = postSolution
		{9E5EF21F-16B9-4623-BF0D-33D065D7DA85}.Debug|Any CPU.ActiveCfg = Debug|Any CPU
		{9E5EF21F-16B9-4623-BF0D-33D065D7DA85}.Debug|Any CPU.Build.0 = Debug|Any CPU
		{9E5EF21F-16B9-4623-BF0D-33D065D7DA85}.Debug|ARM.ActiveCfg = Debug|Any CPU
		{9E5EF21F-16B9-4623-BF0D-33D065D7DA85}.Debug|ARM.Build.0 = Debug|Any CPU
		{9E5EF21F-16B9-4623-BF0D-33D065D7DA85}.Debug|ARM64.ActiveCfg = Debug|Any CPU
		{9E5EF21F-16B9-4623-BF0D-33D065D7DA85}.Debug|ARM64.Build.0 = Debug|Any CPU
		{9E5EF21F-16B9-4623-BF0D-33D065D7DA85}.Debug|x64.ActiveCfg = Debug|Any CPU
		{9E5EF21F-16B9-4623-BF0D-33D065D7DA85}.Debug|x64.Build.0 = Debug|Any CPU
		{9E5EF21F-16B9-4623-BF0D-33D065D7DA85}.Debug|x86.ActiveCfg = Debug|Any CPU
		{9E5EF21F-16B9-4623-BF0D-33D065D7DA85}.Debug|x86.Build.0 = Debug|Any CPU
		{9E5EF21F-16B9-4623-BF0D-33D065D7DA85}.Release|Any CPU.ActiveCfg = Release|Any CPU
		{9E5EF21F-16B9-4623-BF0D-33D065D7DA85}.Release|Any CPU.Build.0 = Release|Any CPU
		{9E5EF21F-16B9-4623-BF0D-33D065D7DA85}.Release|ARM.ActiveCfg = Release|Any CPU
		{9E5EF21F-16B9-4623-BF0D-33D065D7DA85}.Release|ARM.Build.0 = Release|Any CPU
		{9E5EF21F-16B9-4623-BF0D-33D065D7DA85}.Release|ARM64.ActiveCfg = Release|Any CPU
		{9E5EF21F-16B9-4623-BF0D-33D065D7DA85}.Release|ARM64.Build.0 = Release|Any CPU
		{9E5EF21F-16B9-4623-BF0D-33D065D7DA85}.Release|x64.ActiveCfg = Release|Any CPU
		{9E5EF21F-16B9-4623-BF0D-33D065D7DA85}.Release|x64.Build.0 = Release|Any CPU
		{9E5EF21F-16B9-4623-BF0D-33D065D7DA85}.Release|x86.ActiveCfg = Release|Any CPU
		{9E5EF21F-16B9-4623-BF0D-33D065D7DA85}.Release|x86.Build.0 = Release|Any CPU
		{F877D415-B006-4D7D-9763-8138D078C7A0}.Debug|Any CPU.ActiveCfg = Debug|Any CPU
		{F877D415-B006-4D7D-9763-8138D078C7A0}.Debug|Any CPU.Build.0 = Debug|Any CPU
		{F877D415-B006-4D7D-9763-8138D078C7A0}.Debug|ARM.ActiveCfg = Debug|ARM
		{F877D415-B006-4D7D-9763-8138D078C7A0}.Debug|ARM.Build.0 = Debug|ARM
		{F877D415-B006-4D7D-9763-8138D078C7A0}.Debug|ARM64.ActiveCfg = Debug|ARM64
		{F877D415-B006-4D7D-9763-8138D078C7A0}.Debug|ARM64.Build.0 = Debug|ARM64
		{F877D415-B006-4D7D-9763-8138D078C7A0}.Debug|x64.ActiveCfg = Debug|x64
		{F877D415-B006-4D7D-9763-8138D078C7A0}.Debug|x64.Build.0 = Debug|x64
		{F877D415-B006-4D7D-9763-8138D078C7A0}.Debug|x86.ActiveCfg = Debug|x86
		{F877D415-B006-4D7D-9763-8138D078C7A0}.Debug|x86.Build.0 = Debug|x86
		{F877D415-B006-4D7D-9763-8138D078C7A0}.Release|Any CPU.ActiveCfg = Release|Any CPU
		{F877D415-B006-4D7D-9763-8138D078C7A0}.Release|Any CPU.Build.0 = Release|Any CPU
		{F877D415-B006-4D7D-9763-8138D078C7A0}.Release|ARM.ActiveCfg = Release|ARM
		{F877D415-B006-4D7D-9763-8138D078C7A0}.Release|ARM.Build.0 = Release|ARM
		{F877D415-B006-4D7D-9763-8138D078C7A0}.Release|ARM64.ActiveCfg = Release|ARM64
		{F877D415-B006-4D7D-9763-8138D078C7A0}.Release|ARM64.Build.0 = Release|ARM64
		{F877D415-B006-4D7D-9763-8138D078C7A0}.Release|x64.ActiveCfg = Release|x64
		{F877D415-B006-4D7D-9763-8138D078C7A0}.Release|x64.Build.0 = Release|x64
		{F877D415-B006-4D7D-9763-8138D078C7A0}.Release|x86.ActiveCfg = Release|x86
		{F877D415-B006-4D7D-9763-8138D078C7A0}.Release|x86.Build.0 = Release|x86
		{B5A3FA08-3207-401C-B943-E29409115E4E}.Debug|Any CPU.ActiveCfg = Debug|x86
		{B5A3FA08-3207-401C-B943-E29409115E4E}.Debug|ARM.ActiveCfg = Debug|ARM
		{B5A3FA08-3207-401C-B943-E29409115E4E}.Debug|ARM.Build.0 = Debug|ARM
		{B5A3FA08-3207-401C-B943-E29409115E4E}.Debug|ARM.Deploy.0 = Debug|ARM
		{B5A3FA08-3207-401C-B943-E29409115E4E}.Debug|ARM64.ActiveCfg = Debug|ARM64
		{B5A3FA08-3207-401C-B943-E29409115E4E}.Debug|ARM64.Build.0 = Debug|ARM64
		{B5A3FA08-3207-401C-B943-E29409115E4E}.Debug|ARM64.Deploy.0 = Debug|ARM64
		{B5A3FA08-3207-401C-B943-E29409115E4E}.Debug|x64.ActiveCfg = Debug|x64
		{B5A3FA08-3207-401C-B943-E29409115E4E}.Debug|x64.Build.0 = Debug|x64
		{B5A3FA08-3207-401C-B943-E29409115E4E}.Debug|x64.Deploy.0 = Debug|x64
		{B5A3FA08-3207-401C-B943-E29409115E4E}.Debug|x86.ActiveCfg = Debug|x86
		{B5A3FA08-3207-401C-B943-E29409115E4E}.Debug|x86.Build.0 = Debug|x86
		{B5A3FA08-3207-401C-B943-E29409115E4E}.Debug|x86.Deploy.0 = Debug|x86
		{B5A3FA08-3207-401C-B943-E29409115E4E}.Release|Any CPU.ActiveCfg = Release|x86
		{B5A3FA08-3207-401C-B943-E29409115E4E}.Release|ARM.ActiveCfg = Release|ARM
		{B5A3FA08-3207-401C-B943-E29409115E4E}.Release|ARM.Build.0 = Release|ARM
		{B5A3FA08-3207-401C-B943-E29409115E4E}.Release|ARM.Deploy.0 = Release|ARM
		{B5A3FA08-3207-401C-B943-E29409115E4E}.Release|ARM64.ActiveCfg = Release|ARM64
		{B5A3FA08-3207-401C-B943-E29409115E4E}.Release|ARM64.Build.0 = Release|ARM64
		{B5A3FA08-3207-401C-B943-E29409115E4E}.Release|ARM64.Deploy.0 = Release|ARM64
		{B5A3FA08-3207-401C-B943-E29409115E4E}.Release|x64.ActiveCfg = Release|x64
		{B5A3FA08-3207-401C-B943-E29409115E4E}.Release|x64.Build.0 = Release|x64
		{B5A3FA08-3207-401C-B943-E29409115E4E}.Release|x64.Deploy.0 = Release|x64
		{B5A3FA08-3207-401C-B943-E29409115E4E}.Release|x86.ActiveCfg = Release|x86
		{B5A3FA08-3207-401C-B943-E29409115E4E}.Release|x86.Build.0 = Release|x86
		{B5A3FA08-3207-401C-B943-E29409115E4E}.Release|x86.Deploy.0 = Release|x86
		{8A4AE3B8-D9A2-4B6A-8CF2-BD33595B301C}.Debug|Any CPU.ActiveCfg = Debug|Any CPU
		{8A4AE3B8-D9A2-4B6A-8CF2-BD33595B301C}.Debug|Any CPU.Build.0 = Debug|Any CPU
		{8A4AE3B8-D9A2-4B6A-8CF2-BD33595B301C}.Debug|Any CPU.Deploy.0 = Debug|Any CPU
		{8A4AE3B8-D9A2-4B6A-8CF2-BD33595B301C}.Debug|ARM.ActiveCfg = Debug|Any CPU
		{8A4AE3B8-D9A2-4B6A-8CF2-BD33595B301C}.Debug|ARM.Build.0 = Debug|Any CPU
		{8A4AE3B8-D9A2-4B6A-8CF2-BD33595B301C}.Debug|ARM.Deploy.0 = Debug|Any CPU
		{8A4AE3B8-D9A2-4B6A-8CF2-BD33595B301C}.Debug|ARM64.ActiveCfg = Debug|Any CPU
		{8A4AE3B8-D9A2-4B6A-8CF2-BD33595B301C}.Debug|ARM64.Build.0 = Debug|Any CPU
		{8A4AE3B8-D9A2-4B6A-8CF2-BD33595B301C}.Debug|ARM64.Deploy.0 = Debug|Any CPU
		{8A4AE3B8-D9A2-4B6A-8CF2-BD33595B301C}.Debug|x64.ActiveCfg = Debug|Any CPU
		{8A4AE3B8-D9A2-4B6A-8CF2-BD33595B301C}.Debug|x64.Build.0 = Debug|Any CPU
		{8A4AE3B8-D9A2-4B6A-8CF2-BD33595B301C}.Debug|x64.Deploy.0 = Debug|Any CPU
		{8A4AE3B8-D9A2-4B6A-8CF2-BD33595B301C}.Debug|x86.ActiveCfg = Debug|Any CPU
		{8A4AE3B8-D9A2-4B6A-8CF2-BD33595B301C}.Debug|x86.Build.0 = Debug|Any CPU
		{8A4AE3B8-D9A2-4B6A-8CF2-BD33595B301C}.Debug|x86.Deploy.0 = Debug|Any CPU
		{8A4AE3B8-D9A2-4B6A-8CF2-BD33595B301C}.Release|Any CPU.ActiveCfg = Release|Any CPU
		{8A4AE3B8-D9A2-4B6A-8CF2-BD33595B301C}.Release|Any CPU.Build.0 = Release|Any CPU
		{8A4AE3B8-D9A2-4B6A-8CF2-BD33595B301C}.Release|Any CPU.Deploy.0 = Release|Any CPU
		{8A4AE3B8-D9A2-4B6A-8CF2-BD33595B301C}.Release|ARM.ActiveCfg = Release|Any CPU
		{8A4AE3B8-D9A2-4B6A-8CF2-BD33595B301C}.Release|ARM.Build.0 = Release|Any CPU
		{8A4AE3B8-D9A2-4B6A-8CF2-BD33595B301C}.Release|ARM.Deploy.0 = Release|Any CPU
		{8A4AE3B8-D9A2-4B6A-8CF2-BD33595B301C}.Release|ARM64.ActiveCfg = Release|Any CPU
		{8A4AE3B8-D9A2-4B6A-8CF2-BD33595B301C}.Release|ARM64.Build.0 = Release|Any CPU
		{8A4AE3B8-D9A2-4B6A-8CF2-BD33595B301C}.Release|ARM64.Deploy.0 = Release|Any CPU
		{8A4AE3B8-D9A2-4B6A-8CF2-BD33595B301C}.Release|x64.ActiveCfg = Release|Any CPU
		{8A4AE3B8-D9A2-4B6A-8CF2-BD33595B301C}.Release|x64.Build.0 = Release|Any CPU
		{8A4AE3B8-D9A2-4B6A-8CF2-BD33595B301C}.Release|x64.Deploy.0 = Release|Any CPU
		{8A4AE3B8-D9A2-4B6A-8CF2-BD33595B301C}.Release|x86.ActiveCfg = Release|Any CPU
		{8A4AE3B8-D9A2-4B6A-8CF2-BD33595B301C}.Release|x86.Build.0 = Release|Any CPU
		{8A4AE3B8-D9A2-4B6A-8CF2-BD33595B301C}.Release|x86.Deploy.0 = Release|Any CPU
	EndGlobalSection
	GlobalSection(SolutionProperties) = preSolution
		HideSolutionNode = FALSE
	EndGlobalSection
	GlobalSection(ExtensibilityGlobals) = postSolution
		SolutionGuid = {ACF9DC99-23E2-46EA-9990-F67CA043D3CC}
	EndGlobalSection
EndGlobal
